{
  "pins" : [
    {
      "identity" : "assessmentcore",
      "kind" : "remoteSourceControl",
      "location" : "https://github.com/post2amitsaini/AssessmentCore.git",
      "state" : {
        "branch" : "main",
        "revision" : "ef499087f83ceb4981f7d38ab3fce1de76088244"
      }
    }
  ],
  "version" : 2
}
